
Microsoft Visual Studio Solution File, Format Version 12.00
# Visual Studio Version 16
VisualStudioVersion = 25.0.1706.1
MinimumVisualStudioVersion = 10.0.40219.1
Project("{FAE04EC0-301F-11D3-BF4B-00C04F79EFBC}") = "StudentAPI", "StudentAPI\StudentAPI.csproj", "{3082B4B7-811C-45BC-A493-E9A15ACAD3FD}"
EndProject
Global
	GlobalSection(SolutionConfigurationPlatforms) = preSolution
		Debug|Any CPU = Debug|Any CPU
		Release|Any CPU = Release|Any CPU
	EndGlobalSection
	GlobalSection(ProjectConfigurationPlatforms) = postSolution
		{3082B4B7-811C-45BC-A493-E9A15ACAD3FD}.Debug|Any CPU.ActiveCfg = Debug|Any CPU
		{3082B4B7-811C-45BC-A493-E9A15ACAD3FD}.Debug|Any CPU.Build.0 = Debug|Any CPU
		{3082B4B7-811C-45BC-A493-E9A15ACAD3FD}.Release|Any CPU.ActiveCfg = Release|Any CPU
		{3082B4B7-811C-45BC-A493-E9A15ACAD3FD}.Release|Any CPU.Build.0 = Release|Any CPU
	EndGlobalSection
	GlobalSection(SolutionProperties) = preSolution
		HideSolutionNode = FALSE
	EndGlobalSection
	GlobalSection(ExtensibilityGlobals) = postSolution
		SolutionGuid = {1C1AAE17-CA6A-4B0D-B3FD-79EF5086ACE9}
	EndGlobalSection
EndGlobal
